
Microsoft Visual Studio Solution File, Format Version 12.00
# Visual Studio Version 16
VisualStudioVersion = 16.0.30804.86
MinimumVisualStudioVersion = 10.0.40219.1
Project("{FAE04EC0-301F-11D3-BF4B-00C04F79EFBC}") = "TestEncoderR4AvaloniaUI", "TestEncoderR4AvaloniaUI.csproj", "{A701C8E5-EC43-4D08-8675-DBA1C3B7673C}"
EndProject
Global
	GlobalSection(SolutionConfigurationPlatforms) = preSolution
		Debug|Any CPU = Debug|Any CPU
		Release|Any CPU = Release|Any CPU
	EndGlobalSection
	GlobalSection(ProjectConfigurationPlatforms) = postSolution
		{A701C8E5-EC43-4D08-8675-DBA1C3B7673C}.Debug|Any CPU.ActiveCfg = Debug|Any CPU
		{A701C8E5-EC43-4D08-8675-DBA1C3B7673C}.Debug|Any CPU.Build.0 = Debug|Any CPU
		{A701C8E5-EC43-4D08-8675-DBA1C3B7673C}.Release|Any CPU.ActiveCfg = Release|Any CPU
		{A701C8E5-EC43-4D08-8675-DBA1C3B7673C}.Release|Any CPU.Build.0 = Release|Any CPU
	EndGlobalSection
	GlobalSection(SolutionProperties) = preSolution
		HideSolutionNode = FALSE
	EndGlobalSection
	GlobalSection(ExtensibilityGlobals) = postSolution
		SolutionGuid = {043D8603-1B4E-4631-83BC-B8C38F35206A}
	EndGlobalSection
EndGlobal
